
Microsoft Visual Studio Solution File, Format Version 12.00
# Visual Studio Version 17
VisualStudioVersion = 17.0.31903.59
MinimumVisualStudioVersion = 10.0.40219.1
Project("{FAE04EC0-301F-11D3-BF4B-00C04F79EFBC}") = "DoWeHaveItApp", "DoWeHaveItApp.csproj", "{C4EB848D-FA9E-48EA-9723-95AE4C5F44DF}"
EndProject
Project("{FAE04EC0-301F-11D3-BF4B-00C04F79EFBC}") = "DoWeHaveItApp.Tests", "DoWeHaveItApp.Tests\DoWeHaveItApp.Tests.csproj", "{F1BA4768-5007-4FEE-ABE4-3FB5BDD52A96}"
EndProject
Global
	GlobalSection(SolutionConfigurationPlatforms) = preSolution
		Debug|Any CPU = Debug|Any CPU
		Release|Any CPU = Release|Any CPU
	EndGlobalSection
	GlobalSection(SolutionProperties) = preSolution
		HideSolutionNode = FALSE
	EndGlobalSection
	GlobalSection(ProjectConfigurationPlatforms) = postSolution
		{C4EB848D-FA9E-48EA-9723-95AE4C5F44DF}.Debug|Any CPU.ActiveCfg = Debug|Any CPU
		{C4EB848D-FA9E-48EA-9723-95AE4C5F44DF}.Debug|Any CPU.Build.0 = Debug|Any CPU
		{C4EB848D-FA9E-48EA-9723-95AE4C5F44DF}.Release|Any CPU.ActiveCfg = Release|Any CPU
		{C4EB848D-FA9E-48EA-9723-95AE4C5F44DF}.Release|Any CPU.Build.0 = Release|Any CPU
		{F1BA4768-5007-4FEE-ABE4-3FB5BDD52A96}.Debug|Any CPU.ActiveCfg = Debug|Any CPU
		{F1BA4768-5007-4FEE-ABE4-3FB5BDD52A96}.Debug|Any CPU.Build.0 = Debug|Any CPU
		{F1BA4768-5007-4FEE-ABE4-3FB5BDD52A96}.Release|Any CPU.ActiveCfg = Release|Any CPU
		{F1BA4768-5007-4FEE-ABE4-3FB5BDD52A96}.Release|Any CPU.Build.0 = Release|Any CPU
	EndGlobalSection
EndGlobal
